
Microsoft Visual Studio Solution File, Format Version 12.00
# Visual Studio Version 17
VisualStudioVersion = 17.6.33723.286
MinimumVisualStudioVersion = 10.0.40219.1
Project("{9A19103F-16F7-4668-BE54-9A1E7A4F7556}") = "BluePrint.api", "BluePrint.api\BluePrint.api.csproj", "{01D9D38B-B999-43DB-AD53-62298AA24FCA}"
EndProject
Project("{2150E333-8FDC-42A3-9474-1A3956D46DE8}") = "_Solution Items", "_Solution Items", "{2418B53A-FC58-4405-A845-EC87F876D43F}"
	ProjectSection(SolutionItems) = preProject
		Directory.Packages.props = Directory.Packages.props
		NuGet.Config = NuGet.Config
	EndProjectSection
EndProject
Global
	GlobalSection(SolutionConfigurationPlatforms) = preSolution
		Debug|Any CPU = Debug|Any CPU
		Release|Any CPU = Release|Any CPU
	EndGlobalSection
	GlobalSection(ProjectConfigurationPlatforms) = postSolution
		{01D9D38B-B999-43DB-AD53-62298AA24FCA}.Debug|Any CPU.ActiveCfg = Debug|Any CPU
		{01D9D38B-B999-43DB-AD53-62298AA24FCA}.Debug|Any CPU.Build.0 = Debug|Any CPU
		{01D9D38B-B999-43DB-AD53-62298AA24FCA}.Release|Any CPU.ActiveCfg = Release|Any CPU
		{01D9D38B-B999-43DB-AD53-62298AA24FCA}.Release|Any CPU.Build.0 = Release|Any CPU
	EndGlobalSection
	GlobalSection(SolutionProperties) = preSolution
		HideSolutionNode = FALSE
	EndGlobalSection
	GlobalSection(ExtensibilityGlobals) = postSolution
		SolutionGuid = {3D8709D8-8A06-4503-8CA8-8FF5915DF316}
	EndGlobalSection
EndGlobal
